
Microsoft Visual Studio Solution File, Format Version 12.00
# Visual Studio Version 17
VisualStudioVersion = 17.2.32422.2
MinimumVisualStudioVersion = 10.0.40219.1
Project("{FAE04EC0-301F-11D3-BF4B-00C04F79EFBC}") = "RepositoryEUnitOfWorkCasamentoPerfeito", "RepositoryEUnitOfWorkCasamentoPerfeito\RepositoryEUnitOfWorkCasamentoPerfeito.csproj", "{6B8F7AAB-8755-4BA0-9F06-72A770A7E5A6}"
EndProject
Global
	GlobalSection(SolutionConfigurationPlatforms) = preSolution
		Debug|Any CPU = Debug|Any CPU
		Release|Any CPU = Release|Any CPU
	EndGlobalSection
	GlobalSection(ProjectConfigurationPlatforms) = postSolution
		{6B8F7AAB-8755-4BA0-9F06-72A770A7E5A6}.Debug|Any CPU.ActiveCfg = Debug|Any CPU
		{6B8F7AAB-8755-4BA0-9F06-72A770A7E5A6}.Debug|Any CPU.Build.0 = Debug|Any CPU
		{6B8F7AAB-8755-4BA0-9F06-72A770A7E5A6}.Release|Any CPU.ActiveCfg = Release|Any CPU
		{6B8F7AAB-8755-4BA0-9F06-72A770A7E5A6}.Release|Any CPU.Build.0 = Release|Any CPU
	EndGlobalSection
	GlobalSection(SolutionProperties) = preSolution
		HideSolutionNode = FALSE
	EndGlobalSection
	GlobalSection(ExtensibilityGlobals) = postSolution
		SolutionGuid = {639C649A-3B69-4420-8A36-516CC8A6D447}
	EndGlobalSection
EndGlobal
